
Microsoft Visual Studio Solution File, Format Version 12.00
# Visual Studio 2012
Project("{FAE04EC0-301F-11D3-BF4B-00C04F79EFBC}") = "monitor_lock_with_lock_statement", "monitor_lock_with_lock_statement\monitor_lock_with_lock_statement.csproj", "{99755E68-6A35-4080-9E28-451B2691EA41}"
EndProject
Global
	GlobalSection(SolutionConfigurationPlatforms) = preSolution
		Debug|Any CPU = Debug|Any CPU
		Release|Any CPU = Release|Any CPU
	EndGlobalSection
	GlobalSection(ProjectConfigurationPlatforms) = postSolution
		{99755E68-6A35-4080-9E28-451B2691EA41}.Debug|Any CPU.ActiveCfg = Debug|Any CPU
		{99755E68-6A35-4080-9E28-451B2691EA41}.Debug|Any CPU.Build.0 = Debug|Any CPU
		{99755E68-6A35-4080-9E28-451B2691EA41}.Release|Any CPU.ActiveCfg = Release|Any CPU
		{99755E68-6A35-4080-9E28-451B2691EA41}.Release|Any CPU.Build.0 = Release|Any CPU
	EndGlobalSection
EndGlobal
